{
  "nodes": {
    "home-manager": {
      "inputs": {
        "nixpkgs": [
          "nixpkgs"
        ]
      },
      "locked": {
        "lastModified": 1726989464,
        "narHash": "sha256-Vl+WVTJwutXkimwGprnEtXc/s/s8sMuXzqXaspIGlwM=",
        "owner": "nix-community",
        "repo": "home-manager",
        "rev": "2f23fa308a7c067e52dfcc30a0758f47043ec176",
        "type": "github"
      },
      "original": {
        "owner": "nix-community",
        "ref": "release-24.05",
        "repo": "home-manager",
        "type": "github"
      }
    },
    "home-manager_2": {
      "inputs": {
        "nixpkgs": [
          "modules",
          "nixpkgs"
        ]
      },
      "locked": {
        "lastModified": 1749154018,
        "narHash": "sha256-gjN3j7joRvT3a8Zgcylnd4NFsnXeDBumqiu4HmY1RIg=",
        "owner": "nix-community",
        "repo": "home-manager",
        "rev": "7aae0ee71a17b19708b93b3ed448a1a0952bf111",
        "type": "github"
      },
      "original": {
        "owner": "nix-community",
        "ref": "release-25.05",
        "repo": "home-manager",
        "type": "github"
      }
    },
    "modules": {
      "inputs": {
        "home-manager": "home-manager_2",
        "nixpkgs": "nixpkgs",
        "nixpkgs-unstable": "nixpkgs-unstable"
      },
      "locked": {
        "lastModified": 1750522198,
        "narHash": "sha256-a76x2CcLEzLGZtItAVqls7csz7RS3NTeiuTfDqDeVlE=",
        "owner": "syshotdev",
        "repo": "nixos-modules",
        "rev": "1630b1cb931d6b95ee510d13e4bf330d6baa1e6e",
        "type": "github"
      },
      "original": {
        "owner": "syshotdev",
        "repo": "nixos-modules",
        "type": "github"
      }
    },
    "nixpkgs": {
      "locked": {
        "lastModified": 1750005367,
        "narHash": "sha256-h/aac1dGLhS3qpaD2aZt25NdKY7b+JT0ZIP2WuGsJMU=",
        "owner": "nixos",
        "repo": "nixpkgs",
        "rev": "6c64dabd3aa85e0c02ef1cdcb6e1213de64baee3",
        "type": "github"
      },
      "original": {
        "owner": "nixos",
        "ref": "nixos-25.05",
        "repo": "nixpkgs",
        "type": "github"
      }
    },
    "nixpkgs-24_11": {
      "locked": {
        "lastModified": 1750330365,
        "narHash": "sha256-hJ7XMNVsTnnbV2NPmStCC07gvv5l2x7+Skb7hyUzazg=",
        "owner": "nixos",
        "repo": "nixpkgs",
        "rev": "d883b6213afa179b58ba8bace834f1419707d0ad",
        "type": "github"
      },
      "original": {
        "owner": "nixos",
        "ref": "nixos-24.11",
        "repo": "nixpkgs",
        "type": "github"
      }
    },
    "nixpkgs-unstable": {
      "locked": {
        "lastModified": 1749794982,
        "narHash": "sha256-Kh9K4taXbVuaLC0IL+9HcfvxsSUx8dPB5s5weJcc9pc=",
        "owner": "nixos",
        "repo": "nixpkgs",
        "rev": "ee930f9755f58096ac6e8ca94a1887e0534e2d81",
        "type": "github"
      },
      "original": {
        "owner": "nixos",
        "ref": "nixos-unstable",
        "repo": "nixpkgs",
        "type": "github"
      }
    },
    "nixpkgs-unstable_2": {
      "locked": {
        "lastModified": 1750365781,
        "narHash": "sha256-XE/lFNhz5lsriMm/yjXkvSZz5DfvKJLUjsS6pP8EC50=",
        "owner": "nixos",
        "repo": "nixpkgs",
        "rev": "08f22084e6085d19bcfb4be30d1ca76ecb96fe54",
        "type": "github"
      },
      "original": {
        "owner": "nixos",
        "ref": "nixos-unstable",
        "repo": "nixpkgs",
        "type": "github"
      }
    },
    "nixpkgs_2": {
      "locked": {
        "lastModified": 1735563628,
        "narHash": "sha256-OnSAY7XDSx7CtDoqNh8jwVwh4xNL/2HaJxGjryLWzX8=",
        "owner": "nixos",
        "repo": "nixpkgs",
        "rev": "b134951a4c9f3c995fd7be05f3243f8ecd65d798",
        "type": "github"
      },
      "original": {
        "owner": "nixos",
        "ref": "nixos-24.05",
        "repo": "nixpkgs",
        "type": "github"
      }
    },
    "root": {
      "inputs": {
        "home-manager": "home-manager",
        "modules": "modules",
        "nixpkgs": "nixpkgs_2",
        "nixpkgs-24_11": "nixpkgs-24_11",
        "nixpkgs-unstable": "nixpkgs-unstable_2"
      }
    }
  },
  "root": "root",
  "version": 7
}
